
Microsoft Visual Studio Solution File, Format Version 12.00
# Visual Studio Version 17
VisualStudioVersion = 17.11.35303.130
MinimumVisualStudioVersion = 10.0.40219.1
Project("{FAE04EC0-301F-11D3-BF4B-00C04F79EFBC}") = "mutexdemonstration", "mutexdemonstration.csproj", "{EC0DAF84-0EE2-4ECF-9AA8-5EFADA81F14B}"
EndProject
Global
	GlobalSection(SolutionConfigurationPlatforms) = preSolution
		Debug|Any CPU = Debug|Any CPU
		Release|Any CPU = Release|Any CPU
	EndGlobalSection
	GlobalSection(ProjectConfigurationPlatforms) = postSolution
		{EC0DAF84-0EE2-4ECF-9AA8-5EFADA81F14B}.Debug|Any CPU.ActiveCfg = Debug|Any CPU
		{EC0DAF84-0EE2-4ECF-9AA8-5EFADA81F14B}.Debug|Any CPU.Build.0 = Debug|Any CPU
		{EC0DAF84-0EE2-4ECF-9AA8-5EFADA81F14B}.Release|Any CPU.ActiveCfg = Release|Any CPU
		{EC0DAF84-0EE2-4ECF-9AA8-5EFADA81F14B}.Release|Any CPU.Build.0 = Release|Any CPU
	EndGlobalSection
	GlobalSection(SolutionProperties) = preSolution
		HideSolutionNode = FALSE
	EndGlobalSection
	GlobalSection(ExtensibilityGlobals) = postSolution
		SolutionGuid = {EB6B4B13-BFE4-4BE5-AD27-771A6B4DCB23}
	EndGlobalSection
EndGlobal
