
Microsoft Visual Studio Solution File, Format Version 12.00
# Visual Studio Version 17
VisualStudioVersion = 17.11.35303.130
MinimumVisualStudioVersion = 10.0.40219.1
Project("{FAE04EC0-301F-11D3-BF4B-00C04F79EFBC}") = "Async_await_demonstration", "Async_await_demonstration.csproj", "{356245DF-660E-4241-A6C4-CB76C276FFF2}"
EndProject
Global
	GlobalSection(SolutionConfigurationPlatforms) = preSolution
		Debug|Any CPU = Debug|Any CPU
		Release|Any CPU = Release|Any CPU
	EndGlobalSection
	GlobalSection(ProjectConfigurationPlatforms) = postSolution
		{356245DF-660E-4241-A6C4-CB76C276FFF2}.Debug|Any CPU.ActiveCfg = Debug|Any CPU
		{356245DF-660E-4241-A6C4-CB76C276FFF2}.Debug|Any CPU.Build.0 = Debug|Any CPU
		{356245DF-660E-4241-A6C4-CB76C276FFF2}.Release|Any CPU.ActiveCfg = Release|Any CPU
		{356245DF-660E-4241-A6C4-CB76C276FFF2}.Release|Any CPU.Build.0 = Release|Any CPU
	EndGlobalSection
	GlobalSection(SolutionProperties) = preSolution
		HideSolutionNode = FALSE
	EndGlobalSection
	GlobalSection(ExtensibilityGlobals) = postSolution
		SolutionGuid = {E3101E97-C736-4B7E-89EF-E7133B97E38C}
	EndGlobalSection
EndGlobal
