
Microsoft Visual Studio Solution File, Format Version 12.00
# Visual Studio Version 17
VisualStudioVersion = 17.11.35303.130
MinimumVisualStudioVersion = 10.0.40219.1
Project("{FAE04EC0-301F-11D3-BF4B-00C04F79EFBC}") = "Manualreset_demo", "Manualreset_demo.csproj", "{6BE96F49-0310-408C-A9FF-3E2C403335DB}"
EndProject
Global
	GlobalSection(SolutionConfigurationPlatforms) = preSolution
		Debug|Any CPU = Debug|Any CPU
		Release|Any CPU = Release|Any CPU
	EndGlobalSection
	GlobalSection(ProjectConfigurationPlatforms) = postSolution
		{6BE96F49-0310-408C-A9FF-3E2C403335DB}.Debug|Any CPU.ActiveCfg = Debug|Any CPU
		{6BE96F49-0310-408C-A9FF-3E2C403335DB}.Debug|Any CPU.Build.0 = Debug|Any CPU
		{6BE96F49-0310-408C-A9FF-3E2C403335DB}.Release|Any CPU.ActiveCfg = Release|Any CPU
		{6BE96F49-0310-408C-A9FF-3E2C403335DB}.Release|Any CPU.Build.0 = Release|Any CPU
	EndGlobalSection
	GlobalSection(SolutionProperties) = preSolution
		HideSolutionNode = FALSE
	EndGlobalSection
	GlobalSection(ExtensibilityGlobals) = postSolution
		SolutionGuid = {3DD2C158-0F09-4499-99BF-495A4DC65083}
	EndGlobalSection
EndGlobal
